<?xml version="1.0" encoding="utf-8"?>
<Project ToolsVersion="4.0" xmlns="http://schemas.microsoft.com/developer/msbuild/2003">
  <ItemGroup>
    <Filter Include="Source files">
      <UniqueIdentifier>{a00c5b78-cfa4-40ca-bcfe-7841c57c1ca0}</UniqueIdentifier>
      <Extensions>cpp;c;cc;cxx;def;odl;idl;hpj;bat;asm;asmx</Extensions>
    </Filter>
    <Filter Include="Header files">
      <UniqueIdentifier>{b62a0b13-f439-45f5-bac4-8a5fc0b4fcb2}</UniqueIdentifier>
      <Extensions>h;hpp;hxx;hm;inl;inc;xsd</Extensions>
    </Filter>
    <Filter Include="Resource files">
      <UniqueIdentifier>{c2a79bd5-be21-46f2-9456-cf57000b44ae}</UniqueIdentifier>
      <Extensions>rc;ico;cur;bmp;dlg;rc2;rct;bin;rgs;gif;jpg;jpeg;jpe;resx;tiff;tif;png;wav</Extensions>
    </Filter>
    <Filter Include="Source files\CORE">
      <UniqueIdentifier>{a6838b8d-5895-489f-bd6a-b148947bc1a5}</UniqueIdentifier>
    </Filter>
    <Filter Include="Source files\Startup">
      <UniqueIdentifier>{6790d6cf-4a48-4a74-9e5b-75a576ba2e53}</UniqueIdentifier>
    </Filter>
    <Filter Include="Source files\STM32Cube HAL">
      <UniqueIdentifier>{6f602e5f-97b6-4018-8b38-253e112a8024}</UniqueIdentifier>
    </Filter>
    <Filter Include="Source files\STM32Cube HAL\COMMON">
      <UniqueIdentifier>{d1140d56-4710-4b03-9396-bcc751fb1ec9}</UniqueIdentifier>
    </Filter>
    <Filter Include="Source files\STM32Cube HAL\ADC">
      <UniqueIdentifier>{ac18849d-8836-4223-ba9a-c6709a157c3e}</UniqueIdentifier>
    </Filter>
    <Filter Include="Source files\STM32Cube HAL\RCC">
      <UniqueIdentifier>{8a48348a-9443-43aa-bfb9-690f5f8bd1cd}</UniqueIdentifier>
    </Filter>
    <Filter Include="Source files\STM32Cube HAL\CORTEX">
      <UniqueIdentifier>{1afc124a-677f-4af4-a6fb-19b7cd1f2bdf}</UniqueIdentifier>
    </Filter>
    <Filter Include="Source files\STM32Cube HAL\TIM">
      <UniqueIdentifier>{764e2166-8aa2-4f4a-b0e0-a3d7d2535ab6}</UniqueIdentifier>
    </Filter>
    <Filter Include="Source files\STM32Cube HAL\UART">
      <UniqueIdentifier>{f301ed89-cc0f-4564-b77b-5ef72e8b339d}</UniqueIdentifier>
    </Filter>
    <Filter Include="Source files\STM32Cube HAL\DMA">
      <UniqueIdentifier>{c9767f8f-1f1b-49f4-b58e-1392e68b5f25}</UniqueIdentifier>
    </Filter>
    <Filter Include="Source files\STM32Cube HAL\PWR">
      <UniqueIdentifier>{84a8715b-285b-4898-9496-06eeb32ebc2d}</UniqueIdentifier>
    </Filter>
    <Filter Include="Source files\STM32Cube HAL\LCD">
      <UniqueIdentifier>{85c2c988-b2d6-4ec8-b9c6-9c9c1913aeae}</UniqueIdentifier>
    </Filter>
    <Filter Include="Source files\STM32Cube HAL\FLASH">
      <UniqueIdentifier>{263f327c-46ab-40d1-bb97-b33e6c2467a7}</UniqueIdentifier>
    </Filter>
    <Filter Include="Source files\STM32Cube HAL\GPIO">
      <UniqueIdentifier>{05f91e6f-8796-41be-8608-1274aec512ca}</UniqueIdentifier>
    </Filter>
    <Filter Include="Source files\Device-specific files">
      <UniqueIdentifier>{cabb829c-fb48-4498-965f-690e7ea2c4f4}</UniqueIdentifier>
    </Filter>
    <Filter Include="Header files\CORE">
      <UniqueIdentifier>{cdb98a66-2ea1-434a-890b-d4dde9ea4388}</UniqueIdentifier>
    </Filter>
    <Filter Include="Header files\Startup">
      <UniqueIdentifier>{bbbcca1e-edcf-4dd2-beb7-230a49a16283}</UniqueIdentifier>
    </Filter>
    <Filter Include="Header files\STM32Cube HAL">
      <UniqueIdentifier>{d6eb013a-37f2-44a6-a695-388d883aa2fa}</UniqueIdentifier>
    </Filter>
    <Filter Include="Header files\STM32Cube HAL\COMMON">
      <UniqueIdentifier>{34ebed00-894d-40cc-b6da-12dc729b9967}</UniqueIdentifier>
    </Filter>
    <Filter Include="Header files\STM32Cube HAL\ADC">
      <UniqueIdentifier>{0fb1b6c3-649c-4b45-ac2f-c6003fe13bfa}</UniqueIdentifier>
    </Filter>
    <Filter Include="Header files\STM32Cube HAL\RCC">
      <UniqueIdentifier>{a207540e-f9cd-43dd-9a31-33db630193fe}</UniqueIdentifier>
    </Filter>
    <Filter Include="Header files\STM32Cube HAL\CORTEX">
      <UniqueIdentifier>{b9f7b3c6-8dcc-48d9-881b-ac8fb1ec6794}</UniqueIdentifier>
    </Filter>
    <Filter Include="Header files\STM32Cube HAL\TIM">
      <UniqueIdentifier>{c08f474b-d815-4c75-9ecc-43a906d42120}</UniqueIdentifier>
    </Filter>
    <Filter Include="Header files\STM32Cube HAL\UART">
      <UniqueIdentifier>{634d8e3e-adf3-4d12-afce-996a65025872}</UniqueIdentifier>
    </Filter>
    <Filter Include="Header files\STM32Cube HAL\DMA">
      <UniqueIdentifier>{7068d488-562a-4e63-8a01-8316c8033427}</UniqueIdentifier>
    </Filter>
    <Filter Include="Header files\STM32Cube HAL\PWR">
      <UniqueIdentifier>{41b06898-733a-47b3-ad0d-95df65a9df7a}</UniqueIdentifier>
    </Filter>
    <Filter Include="Header files\STM32Cube HAL\LCD">
      <UniqueIdentifier>{a0957eaa-2cae-4b56-8774-fae7ed6a37c6}</UniqueIdentifier>
    </Filter>
    <Filter Include="Header files\STM32Cube HAL\FLASH">
      <UniqueIdentifier>{1d9e312d-a7ba-4706-ba70-08f9edc82b0b}</UniqueIdentifier>
    </Filter>
    <Filter Include="Header files\STM32Cube HAL\GPIO">
      <UniqueIdentifier>{cc166318-e865-4f56-a9b8-86fd429c4ad7}</UniqueIdentifier>
    </Filter>
    <Filter Include="Header files\Device-specific files">
      <UniqueIdentifier>{47f9f0c7-0024-4c8e-9dac-14a19a5b9c75}</UniqueIdentifier>
    </Filter>
    <Filter Include="Make files">
      <UniqueIdentifier>{3f18578b-7146-4c89-a64a-346e2f1999c2}</UniqueIdentifier>
    </Filter>
    <Filter Include="VisualGDB settings">
      <UniqueIdentifier>{a4b4d29d-34b9-422a-80a7-ed9b365a7c80}</UniqueIdentifier>
    </Filter>
    <Filter Include="wf">
      <UniqueIdentifier>{a7040d1f-5233-44ad-accf-b438971d0ed6}</UniqueIdentifier>
    </Filter>
    <Filter Include="wf\Lib">
      <UniqueIdentifier>{bb99d9bc-732e-4af8-a746-e387bcd38d0d}</UniqueIdentifier>
    </Filter>
    <Filter Include="Source files\STM32Cube HAL\RTC">
      <UniqueIdentifier>{1875ff2c-7c87-4401-9c54-8f87d16fe85b}</UniqueIdentifier>
    </Filter>
    <Filter Include="Header files\STM32Cube HAL\RTC">
      <UniqueIdentifier>{26b953d7-337c-4213-b458-256281262bf4}</UniqueIdentifier>
    </Filter>
    <Filter Include="wf\conf">
      <UniqueIdentifier>{3ed0144f-2679-423d-a958-e5599a220983}</UniqueIdentifier>
    </Filter>
  </ItemGroup>
  <ItemGroup>
    <None Include="Makefile" />
    <None Include="..\..\ReLiangBiao.ioc" />
    <None Include="..\..\wf\bak.txt">
      <Filter>wf\conf</Filter>
    </None>
  </ItemGroup>
  <ItemGroup>
    <ClCompile Include="..\..\Src\gpio.c">
      <Filter>Source files</Filter>
    </ClCompile>
    <ClCompile Include="..\..\Src\adc.c">
      <Filter>Source files</Filter>
    </ClCompile>
    <ClCompile Include="..\..\Src\lcd.c">
      <Filter>Source files</Filter>
    </ClCompile>
    <ClCompile Include="..\..\Src\tim.c">
      <Filter>Source files</Filter>
    </ClCompile>
    <ClCompile Include="..\..\Src\usart.c">
      <Filter>Source files</Filter>
    </ClCompile>
    <ClCompile Include="..\..\Src\stm32l0xx_it.c">
      <Filter>Source files</Filter>
    </ClCompile>
    <ClCompile Include="..\..\Src\stm32l0xx_hal_msp.c">
      <Filter>Source files</Filter>
    </ClCompile>
    <ClCompile Include="..\..\Src\main.c">
      <Filter>Source files</Filter>
    </ClCompile>
    <ClCompile Include="..\..\Drivers\CMSIS\Device\ST\STM32L0xx\Source\Templates\system_stm32l0xx.c">
      <Filter>Source files\Startup</Filter>
    </ClCompile>
    <ClCompile Include="..\..\Drivers\STM32L0xx_HAL_Driver\Src\stm32l0xx_hal.c">
      <Filter>Source files\STM32Cube HAL\COMMON</Filter>
    </ClCompile>
    <ClCompile Include="..\..\Drivers\STM32L0xx_HAL_Driver\Src\stm32l0xx_hal_i2c.c">
      <Filter>Source files\STM32Cube HAL\COMMON</Filter>
    </ClCompile>
    <ClCompile Include="..\..\Drivers\STM32L0xx_HAL_Driver\Src\stm32l0xx_hal_i2c_ex.c">
      <Filter>Source files\STM32Cube HAL\COMMON</Filter>
    </ClCompile>
    <ClCompile Include="..\..\Drivers\STM32L0xx_HAL_Driver\Src\stm32l0xx_hal_adc.c">
      <Filter>Source files\STM32Cube HAL\ADC</Filter>
    </ClCompile>
    <ClCompile Include="..\..\Drivers\STM32L0xx_HAL_Driver\Src\stm32l0xx_hal_adc_ex.c">
      <Filter>Source files\STM32Cube HAL\ADC</Filter>
    </ClCompile>
    <ClCompile Include="..\..\Drivers\STM32L0xx_HAL_Driver\Src\stm32l0xx_hal_rcc.c">
      <Filter>Source files\STM32Cube HAL\RCC</Filter>
    </ClCompile>
    <ClCompile Include="..\..\Drivers\STM32L0xx_HAL_Driver\Src\stm32l0xx_hal_rcc_ex.c">
      <Filter>Source files\STM32Cube HAL\RCC</Filter>
    </ClCompile>
    <ClCompile Include="..\..\Drivers\STM32L0xx_HAL_Driver\Src\stm32l0xx_hal_cortex.c">
      <Filter>Source files\STM32Cube HAL\CORTEX</Filter>
    </ClCompile>
    <ClCompile Include="..\..\Drivers\STM32L0xx_HAL_Driver\Src\stm32l0xx_hal_tim.c">
      <Filter>Source files\STM32Cube HAL\TIM</Filter>
    </ClCompile>
    <ClCompile Include="..\..\Drivers\STM32L0xx_HAL_Driver\Src\stm32l0xx_hal_tim_ex.c">
      <Filter>Source files\STM32Cube HAL\TIM</Filter>
    </ClCompile>
    <ClCompile Include="..\..\Drivers\STM32L0xx_HAL_Driver\Src\stm32l0xx_hal_uart.c">
      <Filter>Source files\STM32Cube HAL\UART</Filter>
    </ClCompile>
    <ClCompile Include="..\..\Drivers\STM32L0xx_HAL_Driver\Src\stm32l0xx_hal_uart_ex.c">
      <Filter>Source files\STM32Cube HAL\UART</Filter>
    </ClCompile>
    <ClCompile Include="..\..\Drivers\STM32L0xx_HAL_Driver\Src\stm32l0xx_hal_dma.c">
      <Filter>Source files\STM32Cube HAL\DMA</Filter>
    </ClCompile>
    <ClCompile Include="..\..\Drivers\STM32L0xx_HAL_Driver\Src\stm32l0xx_hal_pwr.c">
      <Filter>Source files\STM32Cube HAL\PWR</Filter>
    </ClCompile>
    <ClCompile Include="..\..\Drivers\STM32L0xx_HAL_Driver\Src\stm32l0xx_hal_pwr_ex.c">
      <Filter>Source files\STM32Cube HAL\PWR</Filter>
    </ClCompile>
    <ClCompile Include="..\..\Drivers\STM32L0xx_HAL_Driver\Src\stm32l0xx_hal_lcd.c">
      <Filter>Source files\STM32Cube HAL\LCD</Filter>
    </ClCompile>
    <ClCompile Include="..\..\Drivers\STM32L0xx_HAL_Driver\Src\stm32l0xx_hal_flash_ramfunc.c">
      <Filter>Source files\STM32Cube HAL\FLASH</Filter>
    </ClCompile>
    <ClCompile Include="..\..\Drivers\STM32L0xx_HAL_Driver\Src\stm32l0xx_hal_flash.c">
      <Filter>Source files\STM32Cube HAL\FLASH</Filter>
    </ClCompile>
    <ClCompile Include="..\..\Drivers\STM32L0xx_HAL_Driver\Src\stm32l0xx_hal_flash_ex.c">
      <Filter>Source files\STM32Cube HAL\FLASH</Filter>
    </ClCompile>
    <ClCompile Include="..\..\Drivers\STM32L0xx_HAL_Driver\Src\stm32l0xx_hal_gpio.c">
      <Filter>Source files\STM32Cube HAL\GPIO</Filter>
    </ClCompile>
    <None Include="stm32.mak">
      <Filter>Source files\Device-specific files</Filter>
    </None>
    <ClCompile Include="$(BSP_ROOT)\STM32L0xxxx\StartupFiles\startup_stm32l053xx.c">
      <Filter>Source files\Device-specific files</Filter>
    </ClCompile>
    <ClInclude Include="..\..\Inc\gpio.h">
      <Filter>Header files</Filter>
    </ClInclude>
    <ClInclude Include="..\..\Inc\adc.h">
      <Filter>Header files</Filter>
    </ClInclude>
    <ClInclude Include="..\..\Inc\lcd.h">
      <Filter>Header files</Filter>
    </ClInclude>
    <ClInclude Include="..\..\Inc\tim.h">
      <Filter>Header files</Filter>
    </ClInclude>
    <ClInclude Include="..\..\Inc\usart.h">
      <Filter>Header files</Filter>
    </ClInclude>
    <ClInclude Include="..\..\Inc\stm32l0xx_it.h">
      <Filter>Header files</Filter>
    </ClInclude>
    <ClInclude Include="..\..\Inc\stm32l0xx_hal_conf.h">
      <Filter>Header files</Filter>
    </ClInclude>
    <ClInclude Include="..\..\Inc\main.h">
      <Filter>Header files</Filter>
    </ClInclude>
    <ClInclude Include="..\..\Drivers\CMSIS\Include\core_cm0plus.h">
      <Filter>Header files\CORE</Filter>
    </ClInclude>
    <ClInclude Include="..\..\Drivers\CMSIS\Device\ST\STM32L0xx\Include\stm32l0xx.h">
      <Filter>Header files\Startup</Filter>
    </ClInclude>
    <ClInclude Include="..\..\Drivers\CMSIS\Device\ST\STM32L0xx\Include\system_stm32l0xx.h">
      <Filter>Header files\Startup</Filter>
    </ClInclude>
    <ClInclude Include="..\..\Drivers\STM32L0xx_HAL_Driver\Inc\stm32l0xx_hal.h">
      <Filter>Header files\STM32Cube HAL\COMMON</Filter>
    </ClInclude>
    <ClInclude Include="..\..\Drivers\STM32L0xx_HAL_Driver\Inc\stm32l0xx_hal_def.h">
      <Filter>Header files\STM32Cube HAL\COMMON</Filter>
    </ClInclude>
    <ClInclude Include="..\..\Drivers\STM32L0xx_HAL_Driver\Inc\Legacy\stm32_hal_legacy.h">
      <Filter>Header files\STM32Cube HAL\COMMON</Filter>
    </ClInclude>
    <ClInclude Include="..\..\Drivers\STM32L0xx_HAL_Driver\Inc\stm32l0xx_hal_i2c.h">
      <Filter>Header files\STM32Cube HAL\COMMON</Filter>
    </ClInclude>
    <ClInclude Include="..\..\Drivers\STM32L0xx_HAL_Driver\Inc\stm32l0xx_hal_i2c_ex.h">
      <Filter>Header files\STM32Cube HAL\COMMON</Filter>
    </ClInclude>
    <ClInclude Include="..\..\Drivers\STM32L0xx_HAL_Driver\Inc\stm32l0xx_hal_adc.h">
      <Filter>Header files\STM32Cube HAL\ADC</Filter>
    </ClInclude>
    <ClInclude Include="..\..\Drivers\STM32L0xx_HAL_Driver\Inc\stm32l0xx_hal_adc_ex.h">
      <Filter>Header files\STM32Cube HAL\ADC</Filter>
    </ClInclude>
    <ClInclude Include="..\..\Drivers\STM32L0xx_HAL_Driver\Inc\stm32l0xx_hal_rcc.h">
      <Filter>Header files\STM32Cube HAL\RCC</Filter>
    </ClInclude>
    <ClInclude Include="..\..\Drivers\STM32L0xx_HAL_Driver\Inc\stm32l0xx_hal_rcc_ex.h">
      <Filter>Header files\STM32Cube HAL\RCC</Filter>
    </ClInclude>
    <ClInclude Include="..\..\Drivers\STM32L0xx_HAL_Driver\Inc\stm32l0xx_hal_cortex.h">
      <Filter>Header files\STM32Cube HAL\CORTEX</Filter>
    </ClInclude>
    <ClInclude Include="..\..\Drivers\STM32L0xx_HAL_Driver\Inc\stm32l0xx_hal_tim.h">
      <Filter>Header files\STM32Cube HAL\TIM</Filter>
    </ClInclude>
    <ClInclude Include="..\..\Drivers\STM32L0xx_HAL_Driver\Inc\stm32l0xx_hal_tim_ex.h">
      <Filter>Header files\STM32Cube HAL\TIM</Filter>
    </ClInclude>
    <ClInclude Include="..\..\Drivers\STM32L0xx_HAL_Driver\Inc\stm32l0xx_hal_uart.h">
      <Filter>Header files\STM32Cube HAL\UART</Filter>
    </ClInclude>
    <ClInclude Include="..\..\Drivers\STM32L0xx_HAL_Driver\Inc\stm32l0xx_hal_uart_ex.h">
      <Filter>Header files\STM32Cube HAL\UART</Filter>
    </ClInclude>
    <ClInclude Include="..\..\Drivers\STM32L0xx_HAL_Driver\Inc\stm32l0xx_hal_dma.h">
      <Filter>Header files\STM32Cube HAL\DMA</Filter>
    </ClInclude>
    <ClInclude Include="..\..\Drivers\STM32L0xx_HAL_Driver\Inc\stm32l0xx_hal_dma_ex.h">
      <Filter>Header files\STM32Cube HAL\DMA</Filter>
    </ClInclude>
    <ClInclude Include="..\..\Drivers\STM32L0xx_HAL_Driver\Inc\stm32l0xx_hal_pwr.h">
      <Filter>Header files\STM32Cube HAL\PWR</Filter>
    </ClInclude>
    <ClInclude Include="..\..\Drivers\STM32L0xx_HAL_Driver\Inc\stm32l0xx_hal_pwr_ex.h">
      <Filter>Header files\STM32Cube HAL\PWR</Filter>
    </ClInclude>
    <ClInclude Include="..\..\Drivers\STM32L0xx_HAL_Driver\Inc\stm32l0xx_hal_lcd.h">
      <Filter>Header files\STM32Cube HAL\LCD</Filter>
    </ClInclude>
    <ClInclude Include="..\..\Drivers\STM32L0xx_HAL_Driver\Inc\stm32l0xx_hal_flash_ramfunc.h">
      <Filter>Header files\STM32Cube HAL\FLASH</Filter>
    </ClInclude>
    <ClInclude Include="..\..\Drivers\STM32L0xx_HAL_Driver\Inc\stm32l0xx_hal_flash.h">
      <Filter>Header files\STM32Cube HAL\FLASH</Filter>
    </ClInclude>
    <ClInclude Include="..\..\Drivers\STM32L0xx_HAL_Driver\Inc\stm32l0xx_hal_flash_ex.h">
      <Filter>Header files\STM32Cube HAL\FLASH</Filter>
    </ClInclude>
    <ClInclude Include="..\..\Drivers\STM32L0xx_HAL_Driver\Inc\stm32l0xx_hal_gpio.h">
      <Filter>Header files\STM32Cube HAL\GPIO</Filter>
    </ClInclude>
    <ClInclude Include="..\..\Drivers\STM32L0xx_HAL_Driver\Inc\stm32l0xx_hal_gpio_ex.h">
      <Filter>Header files\STM32Cube HAL\GPIO</Filter>
    </ClInclude>
    <None Include="debug.mak">
      <Filter>Make files</Filter>
    </None>
    <None Include="release.mak">
      <Filter>Make files</Filter>
    </None>
    <None Include="ReLiangBiao-Debug.vgdbsettings">
      <Filter>VisualGDB settings</Filter>
    </None>
    <None Include="ReLiangBiao-Release.vgdbsettings">
      <Filter>VisualGDB settings</Filter>
    </None>
    <None Include="stm32.xml">
      <Filter>VisualGDB settings</Filter>
    </None>
    <ClCompile Include="..\..\..\..\WF_Device_STM32\wfEEPROM.c">
      <Filter>wf\Lib</Filter>
    </ClCompile>
    <ClCompile Include="..\..\..\..\WF_Device_STM32\CP68_Client.c">
      <Filter>wf\Lib</Filter>
    </ClCompile>
    <ClCompile Include="..\..\..\..\WF_Device_STM32\wfSys.c">
      <Filter>wf\Lib</Filter>
    </ClCompile>
    <ClCompile Include="..\..\..\..\WF_Device_STM32\Verify.c">
      <Filter>wf\Lib</Filter>
    </ClCompile>
    <ClCompile Include="..\..\Src\rtc.c">
      <Filter>Source files</Filter>
    </ClCompile>
    <ClCompile Include="..\..\Drivers\STM32L0xx_HAL_Driver\Src\stm32l0xx_hal_rtc.c">
      <Filter>Source files\STM32Cube HAL\RTC</Filter>
    </ClCompile>
    <ClCompile Include="..\..\Drivers\STM32L0xx_HAL_Driver\Src\stm32l0xx_hal_rtc_ex.c">
      <Filter>Source files\STM32Cube HAL\RTC</Filter>
    </ClCompile>
    <ClCompile Include="..\..\wf\Display.c">
      <Filter>wf</Filter>
    </ClCompile>
    <ClCompile Include="..\..\..\..\WF_Device_STM32\SimSPI.c">
      <Filter>wf\Lib</Filter>
    </ClCompile>
    <ClCompile Include="..\..\wf\DP600J.c">
      <Filter>wf</Filter>
    </ClCompile>
    <ClCompile Include="..\..\wf\Variables.c">
      <Filter>wf</Filter>
    </ClCompile>
    <ClCompile Include="..\..\wf\Key.c">
      <Filter>wf</Filter>
    </ClCompile>
    <ClCompile Include="..\..\..\..\WF_Device_STM32\ADS1112.c">
      <Filter>wf\Lib</Filter>
    </ClCompile>
    <ClCompile Include="..\..\..\..\WF_Device_STM32\SimI2C.c">
      <Filter>wf\Lib</Filter>
    </ClCompile>
  </ItemGroup>
  <ItemGroup>
    <ClInclude Include="..\..\..\..\WF_Device_STM32\wfEEPROM.h">
      <Filter>wf\Lib</Filter>
    </ClInclude>
    <ClInclude Include="..\..\..\..\WF_Device_STM32\CP68_Client.h">
      <Filter>wf\Lib</Filter>
    </ClInclude>
    <ClInclude Include="..\..\..\..\WF_Device_STM32\wfSys.h">
      <Filter>wf\Lib</Filter>
    </ClInclude>
    <ClInclude Include="..\..\..\..\WF_Device_STM32\Verify.h">
      <Filter>wf\Lib</Filter>
    </ClInclude>
    <ClInclude Include="..\..\..\..\WF_Device_STM32\TypeDefine.h">
      <Filter>wf\Lib</Filter>
    </ClInclude>
    <ClInclude Include="..\..\Inc\rtc.h">
      <Filter>Header files</Filter>
    </ClInclude>
    <ClInclude Include="..\..\Drivers\STM32L0xx_HAL_Driver\Inc\stm32l0xx_hal_rtc.h">
      <Filter>Header files\STM32Cube HAL\RTC</Filter>
    </ClInclude>
    <ClInclude Include="..\..\Drivers\STM32L0xx_HAL_Driver\Inc\stm32l0xx_hal_rtc_ex.h">
      <Filter>Header files\STM32Cube HAL\RTC</Filter>
    </ClInclude>
    <ClInclude Include="..\..\wf\Display.h">
      <Filter>wf</Filter>
    </ClInclude>
    <ClInclude Include="..\..\..\..\WF_Device_STM32\SimSPI.h">
      <Filter>wf\Lib</Filter>
    </ClInclude>
    <ClInclude Include="..\..\wf\DP600J.h">
      <Filter>wf</Filter>
    </ClInclude>
    <ClInclude Include="..\..\wf\FlagDefine.h">
      <Filter>wf</Filter>
    </ClInclude>
    <ClInclude Include="..\..\wf\Variables.h">
      <Filter>wf</Filter>
    </ClInclude>
    <ClInclude Include="..\..\wf\CP68_Client_Conf.h">
      <Filter>wf\conf</Filter>
    </ClInclude>
    <ClInclude Include="..\..\wf\Display_Conf.h">
      <Filter>wf\conf</Filter>
    </ClInclude>
    <ClInclude Include="..\..\wf\SimSPI_Conf.h">
      <Filter>wf\conf</Filter>
    </ClInclude>
    <ClInclude Include="..\..\wf\Key.h">
      <Filter>wf</Filter>
    </ClInclude>
    <ClInclude Include="..\..\..\..\WF_Device_STM32\ADS1112.h">
      <Filter>wf\Lib</Filter>
    </ClInclude>
    <ClInclude Include="..\..\..\..\WF_Device_STM32\SimI2C.h">
      <Filter>wf\Lib</Filter>
    </ClInclude>
    <ClInclude Include="..\..\wf\SimI2C_Conf.h">
      <Filter>wf\conf</Filter>
    </ClInclude>
  </ItemGroup>
</Project>