
Microsoft Visual Studio Solution File, Format Version 11.00
# Visual Studio 2010
Project("{FAE04EC0-301F-11D3-BF4B-00C04F79EFBC}") = "流量计算", "流量计算\流量计算.csproj", "{6D970BFA-83C6-45E5-85DE-06C3AC71C92B}"
EndProject
Global
	GlobalSection(SolutionConfigurationPlatforms) = preSolution
		Debug|x86 = Debug|x86
		Release|x86 = Release|x86
	EndGlobalSection
	GlobalSection(ProjectConfigurationPlatforms) = postSolution
		{6D970BFA-83C6-45E5-85DE-06C3AC71C92B}.Debug|x86.ActiveCfg = Debug|x86
		{6D970BFA-83C6-45E5-85DE-06C3AC71C92B}.Debug|x86.Build.0 = Debug|x86
		{6D970BFA-83C6-45E5-85DE-06C3AC71C92B}.Release|x86.ActiveCfg = Release|x86
		{6D970BFA-83C6-45E5-85DE-06C3AC71C92B}.Release|x86.Build.0 = Release|x86
	EndGlobalSection
	GlobalSection(SolutionProperties) = preSolution
		HideSolutionNode = FALSE
	EndGlobalSection
EndGlobal
