
Microsoft Visual Studio Solution File, Format Version 11.00
# Visual Studio 2010
Project("{FAE04EC0-301F-11D3-BF4B-00C04F79EFBC}") = "CMOSTestLib", "CMOSTestLib\CMOSTestLib.csproj", "{41F021E1-156D-4291-8767-2B6A06B1A970}"
EndProject
Global
	GlobalSection(TeamFoundationVersionControl) = preSolution
		SccNumberOfProjects = 2
		SccEnterpriseProvider = {4CA58AB2-18FA-4F8D-95D4-32DDF27D184C}
		SccTeamFoundationServer = https://tfs.codeplex.com/tfs/tfs33
		SccLocalPath0 = .
		SccProjectUniqueName1 = CMOSTestLib\\CMOSTestLib.csproj
		SccProjectName1 = CMOSTestLib
		SccLocalPath1 = CMOSTestLib
	EndGlobalSection
	GlobalSection(SolutionConfigurationPlatforms) = preSolution
		Debug|Any CPU = Debug|Any CPU
		Release|Any CPU = Release|Any CPU
	EndGlobalSection
	GlobalSection(ProjectConfigurationPlatforms) = postSolution
		{41F021E1-156D-4291-8767-2B6A06B1A970}.Debug|Any CPU.ActiveCfg = Debug|Any CPU
		{41F021E1-156D-4291-8767-2B6A06B1A970}.Debug|Any CPU.Build.0 = Debug|Any CPU
		{41F021E1-156D-4291-8767-2B6A06B1A970}.Release|Any CPU.ActiveCfg = Release|Any CPU
		{41F021E1-156D-4291-8767-2B6A06B1A970}.Release|Any CPU.Build.0 = Release|Any CPU
	EndGlobalSection
	GlobalSection(SolutionProperties) = preSolution
		HideSolutionNode = FALSE
	EndGlobalSection
EndGlobal
