
Microsoft Visual Studio Solution File, Format Version 11.00
# Visual Studio 2010
Project("{8BC9CEB8-8B4A-11D0-8D11-00A0C91BC942}") = "WF_Device_STM32", "..\..\WF_Device_STM32\WF_Device_STM32.vcxproj", "{4C7EBC43-AE31-4CAC-9F10-A2052D14A99D}"
EndProject
Project("{8BC9CEB8-8B4A-11D0-8D11-00A0C91BC942}") = "ReLiangBiao", "VSProj\ylReLiangBiao\ReLiangBiao.vcxproj", "{4837DD5F-98D9-4E2B-BE61-4B97567932A9}"
EndProject
Global
	GlobalSection(SolutionConfigurationPlatforms) = preSolution
		Debug|Win32 = Debug|Win32
		Release|Win32 = Release|Win32
	EndGlobalSection
	GlobalSection(ProjectConfigurationPlatforms) = postSolution
		{4C7EBC43-AE31-4CAC-9F10-A2052D14A99D}.Debug|Win32.ActiveCfg = Debug|Win32
		{4C7EBC43-AE31-4CAC-9F10-A2052D14A99D}.Release|Win32.ActiveCfg = Release|Win32
		{4837DD5F-98D9-4E2B-BE61-4B97567932A9}.Debug|Win32.ActiveCfg = Debug|Win32
		{4837DD5F-98D9-4E2B-BE61-4B97567932A9}.Debug|Win32.Build.0 = Debug|Win32
		{4837DD5F-98D9-4E2B-BE61-4B97567932A9}.Release|Win32.ActiveCfg = Release|Win32
		{4837DD5F-98D9-4E2B-BE61-4B97567932A9}.Release|Win32.Build.0 = Release|Win32
	EndGlobalSection
	GlobalSection(SolutionProperties) = preSolution
		HideSolutionNode = FALSE
	EndGlobalSection
EndGlobal
